
Microsoft Visual Studio Solution File, Format Version 12.00
# Visual Studio 15
VisualStudioVersion = 15.0.26228.9
MinimumVisualStudioVersion = 10.0.40219.1
Project("{9A19103F-16F7-4668-BE54-9A1E7A4F7556}") = "EvilCorp.SlackStorage.AccountService.WebHost", "EvilCorp.SlackStorage.AccountService.WebHost\EvilCorp.SlackStorage.AccountService.WebHost.csproj", "{D45E8C26-D045-4553-9460-AB408299AA83}"
EndProject
Project("{E53339B2-1760-4266-BCC7-CA923CBCF16C}") = "docker-compose", "docker-compose.dcproj", "{2D03DAA9-363E-40BB-A809-CC13F1FC323B}"
EndProject
Project("{FAE04EC0-301F-11D3-BF4B-00C04F79EFBC}") = "EvilCorp.SlackStorage.AccountService.Data", "..\EvilCorp.SlackStorage.AccountService.Data\EvilCorp.SlackStorage.AccountService.Data.csproj", "{D2954002-A347-48D3-B944-17464539C2AC}"
EndProject
Project("{FAE04EC0-301F-11D3-BF4B-00C04F79EFBC}") = "EvilCorp.SlackStorage.AccountService.Service", "..\EvilCorp.SlackStorage.AccountService.Service\EvilCorp.SlackStorage.AccountService.Service.csproj", "{F6DD6958-DCA2-4370-9109-1BB7EAB5005B}"
EndProject
Project("{FAE04EC0-301F-11D3-BF4B-00C04F79EFBC}") = "EvilCorp.SlackStorage.AccountService.Core", "EvilCorp.SlackStorage.AccountService.Core\EvilCorp.SlackStorage.AccountService.Core.csproj", "{54DC587F-A468-49EB-B42E-D16A96BED1E5}"
EndProject
Project("{FAE04EC0-301F-11D3-BF4B-00C04F79EFBC}") = "EvilCorp.SlackStroage.AccountService.Utest", "EvilCorp.SlackStroage.AccountService.Utest\EvilCorp.SlackStroage.AccountService.Utest.csproj", "{A8AF7558-25EC-4B0A-9ECB-F17509F1FD78}"
EndProject
Project("{FAE04EC0-301F-11D3-BF4B-00C04F79EFBC}") = "EvilCorp.AccountService.ClientEntities", "EvilCorp.AccountService.ClientEntities\EvilCorp.AccountService.ClientEntities.csproj", "{3B327FF6-9AFC-484A-80BE-285DF87BB017}"
EndProject
Project("{FAE04EC0-301F-11D3-BF4B-00C04F79EFBC}") = "EvilCorp.AccountService.BusinessEntities", "EvilCorp.AccountService.BusinessEntities\EvilCorp.AccountService.BusinessEntities.csproj", "{F7BC6137-D2EC-492B-8961-EC4230962D9F}"
EndProject
Project("{FAE04EC0-301F-11D3-BF4B-00C04F79EFBC}") = "EvilCorp.AccountService.Contracts", "EvilCorp.AccountService.Contracts\EvilCorp.AccountService.Contracts.csproj", "{CDEAF354-A069-44AD-9733-6B2AFF1E4646}"
EndProject
Global
	GlobalSection(SolutionConfigurationPlatforms) = preSolution
		Debug|Any CPU = Debug|Any CPU
		Release|Any CPU = Release|Any CPU
	EndGlobalSection
	GlobalSection(ProjectConfigurationPlatforms) = postSolution
		{D45E8C26-D045-4553-9460-AB408299AA83}.Debug|Any CPU.ActiveCfg = Debug|Any CPU
		{D45E8C26-D045-4553-9460-AB408299AA83}.Debug|Any CPU.Build.0 = Debug|Any CPU
		{D45E8C26-D045-4553-9460-AB408299AA83}.Release|Any CPU.ActiveCfg = Release|Any CPU
		{D45E8C26-D045-4553-9460-AB408299AA83}.Release|Any CPU.Build.0 = Release|Any CPU
		{2D03DAA9-363E-40BB-A809-CC13F1FC323B}.Debug|Any CPU.ActiveCfg = Debug|Any CPU
		{2D03DAA9-363E-40BB-A809-CC13F1FC323B}.Debug|Any CPU.Build.0 = Debug|Any CPU
		{2D03DAA9-363E-40BB-A809-CC13F1FC323B}.Release|Any CPU.ActiveCfg = Release|Any CPU
		{2D03DAA9-363E-40BB-A809-CC13F1FC323B}.Release|Any CPU.Build.0 = Release|Any CPU
		{D2954002-A347-48D3-B944-17464539C2AC}.Debug|Any CPU.ActiveCfg = Debug|Any CPU
		{D2954002-A347-48D3-B944-17464539C2AC}.Debug|Any CPU.Build.0 = Debug|Any CPU
		{D2954002-A347-48D3-B944-17464539C2AC}.Release|Any CPU.ActiveCfg = Release|Any CPU
		{D2954002-A347-48D3-B944-17464539C2AC}.Release|Any CPU.Build.0 = Release|Any CPU
		{F6DD6958-DCA2-4370-9109-1BB7EAB5005B}.Debug|Any CPU.ActiveCfg = Debug|Any CPU
		{F6DD6958-DCA2-4370-9109-1BB7EAB5005B}.Debug|Any CPU.Build.0 = Debug|Any CPU
		{F6DD6958-DCA2-4370-9109-1BB7EAB5005B}.Release|Any CPU.ActiveCfg = Release|Any CPU
		{F6DD6958-DCA2-4370-9109-1BB7EAB5005B}.Release|Any CPU.Build.0 = Release|Any CPU
		{54DC587F-A468-49EB-B42E-D16A96BED1E5}.Debug|Any CPU.ActiveCfg = Debug|Any CPU
		{54DC587F-A468-49EB-B42E-D16A96BED1E5}.Debug|Any CPU.Build.0 = Debug|Any CPU
		{54DC587F-A468-49EB-B42E-D16A96BED1E5}.Release|Any CPU.ActiveCfg = Release|Any CPU
		{54DC587F-A468-49EB-B42E-D16A96BED1E5}.Release|Any CPU.Build.0 = Release|Any CPU
		{A8AF7558-25EC-4B0A-9ECB-F17509F1FD78}.Debug|Any CPU.ActiveCfg = Debug|Any CPU
		{A8AF7558-25EC-4B0A-9ECB-F17509F1FD78}.Debug|Any CPU.Build.0 = Debug|Any CPU
		{A8AF7558-25EC-4B0A-9ECB-F17509F1FD78}.Release|Any CPU.ActiveCfg = Release|Any CPU
		{A8AF7558-25EC-4B0A-9ECB-F17509F1FD78}.Release|Any CPU.Build.0 = Release|Any CPU
		{3B327FF6-9AFC-484A-80BE-285DF87BB017}.Debug|Any CPU.ActiveCfg = Debug|Any CPU
		{3B327FF6-9AFC-484A-80BE-285DF87BB017}.Debug|Any CPU.Build.0 = Debug|Any CPU
		{3B327FF6-9AFC-484A-80BE-285DF87BB017}.Release|Any CPU.ActiveCfg = Release|Any CPU
		{3B327FF6-9AFC-484A-80BE-285DF87BB017}.Release|Any CPU.Build.0 = Release|Any CPU
		{F7BC6137-D2EC-492B-8961-EC4230962D9F}.Debug|Any CPU.ActiveCfg = Debug|Any CPU
		{F7BC6137-D2EC-492B-8961-EC4230962D9F}.Debug|Any CPU.Build.0 = Debug|Any CPU
		{F7BC6137-D2EC-492B-8961-EC4230962D9F}.Release|Any CPU.ActiveCfg = Release|Any CPU
		{F7BC6137-D2EC-492B-8961-EC4230962D9F}.Release|Any CPU.Build.0 = Release|Any CPU
		{CDEAF354-A069-44AD-9733-6B2AFF1E4646}.Debug|Any CPU.ActiveCfg = Debug|Any CPU
		{CDEAF354-A069-44AD-9733-6B2AFF1E4646}.Debug|Any CPU.Build.0 = Debug|Any CPU
		{CDEAF354-A069-44AD-9733-6B2AFF1E4646}.Release|Any CPU.ActiveCfg = Release|Any CPU
		{CDEAF354-A069-44AD-9733-6B2AFF1E4646}.Release|Any CPU.Build.0 = Release|Any CPU
	EndGlobalSection
	GlobalSection(SolutionProperties) = preSolution
		HideSolutionNode = FALSE
	EndGlobalSection
EndGlobal
