
Microsoft Visual Studio Solution File, Format Version 12.00
# Visual Studio 15
VisualStudioVersion = 15.0.26228.9
MinimumVisualStudioVersion = 10.0.40219.1
Project("{E53339B2-1760-4266-BCC7-CA923CBCF16C}") = "docker-compose", "docker-compose.dcproj", "{2D03DAA9-363E-40BB-A809-CC13F1FC323B}"
EndProject
Project("{FAE04EC0-301F-11D3-BF4B-00C04F79EFBC}") = "EvilCorp.SlackStorage.AccountService.Data", "..\EvilCorp.SlackStorage.AccountService.Data\EvilCorp.SlackStorage.AccountService.Data.csproj", "{D2954002-A347-48D3-B944-17464539C2AC}"
EndProject
Project("{FAE04EC0-301F-11D3-BF4B-00C04F79EFBC}") = "EvilCorp.SlackStorage.AccountService.Service", "..\EvilCorp.SlackStorage.AccountService.Service\EvilCorp.SlackStorage.AccountService.Service.csproj", "{F6DD6958-DCA2-4370-9109-1BB7EAB5005B}"
EndProject
Project("{FAE04EC0-301F-11D3-BF4B-00C04F79EFBC}") = "EvilCorp.SlackStroage.AccountService.Utest", "EvilCorp.SlackStroage.AccountService.Utest\EvilCorp.SlackStroage.AccountService.Utest.csproj", "{A8AF7558-25EC-4B0A-9ECB-F17509F1FD78}"
EndProject
Project("{FAE04EC0-301F-11D3-BF4B-00C04F79EFBC}") = "Host", "..\Host\Host.csproj", "{E3E05ECC-F2D8-4FD1-9DB6-F701D693564D}"
EndProject
Global
	GlobalSection(SolutionConfigurationPlatforms) = preSolution
		Debug|Any CPU = Debug|Any CPU
		Release|Any CPU = Release|Any CPU
	EndGlobalSection
	GlobalSection(ProjectConfigurationPlatforms) = postSolution
		{2D03DAA9-363E-40BB-A809-CC13F1FC323B}.Debug|Any CPU.ActiveCfg = Debug|Any CPU
		{2D03DAA9-363E-40BB-A809-CC13F1FC323B}.Debug|Any CPU.Build.0 = Debug|Any CPU
		{2D03DAA9-363E-40BB-A809-CC13F1FC323B}.Release|Any CPU.ActiveCfg = Release|Any CPU
		{2D03DAA9-363E-40BB-A809-CC13F1FC323B}.Release|Any CPU.Build.0 = Release|Any CPU
		{D2954002-A347-48D3-B944-17464539C2AC}.Debug|Any CPU.ActiveCfg = Debug|Any CPU
		{D2954002-A347-48D3-B944-17464539C2AC}.Debug|Any CPU.Build.0 = Debug|Any CPU
		{D2954002-A347-48D3-B944-17464539C2AC}.Release|Any CPU.ActiveCfg = Release|Any CPU
		{D2954002-A347-48D3-B944-17464539C2AC}.Release|Any CPU.Build.0 = Release|Any CPU
		{F6DD6958-DCA2-4370-9109-1BB7EAB5005B}.Debug|Any CPU.ActiveCfg = Debug|Any CPU
		{F6DD6958-DCA2-4370-9109-1BB7EAB5005B}.Debug|Any CPU.Build.0 = Debug|Any CPU
		{F6DD6958-DCA2-4370-9109-1BB7EAB5005B}.Release|Any CPU.ActiveCfg = Release|Any CPU
		{F6DD6958-DCA2-4370-9109-1BB7EAB5005B}.Release|Any CPU.Build.0 = Release|Any CPU
		{A8AF7558-25EC-4B0A-9ECB-F17509F1FD78}.Debug|Any CPU.ActiveCfg = Debug|Any CPU
		{A8AF7558-25EC-4B0A-9ECB-F17509F1FD78}.Debug|Any CPU.Build.0 = Debug|Any CPU
		{A8AF7558-25EC-4B0A-9ECB-F17509F1FD78}.Release|Any CPU.ActiveCfg = Release|Any CPU
		{A8AF7558-25EC-4B0A-9ECB-F17509F1FD78}.Release|Any CPU.Build.0 = Release|Any CPU
		{E3E05ECC-F2D8-4FD1-9DB6-F701D693564D}.Debug|Any CPU.ActiveCfg = Debug|Any CPU
		{E3E05ECC-F2D8-4FD1-9DB6-F701D693564D}.Debug|Any CPU.Build.0 = Debug|Any CPU
		{E3E05ECC-F2D8-4FD1-9DB6-F701D693564D}.Release|Any CPU.ActiveCfg = Release|Any CPU
		{E3E05ECC-F2D8-4FD1-9DB6-F701D693564D}.Release|Any CPU.Build.0 = Release|Any CPU
	EndGlobalSection
	GlobalSection(SolutionProperties) = preSolution
		HideSolutionNode = FALSE
	EndGlobalSection
EndGlobal
